
Microsoft Visual Studio Solution File, Format Version 12.00
# Visual Studio Version 17
VisualStudioVersion = 17.6.33723.286
MinimumVisualStudioVersion = 10.0.40219.1
Project("{FAE04EC0-301F-11D3-BF4B-00C04F79EFBC}") = "webNET-Hits-backend-aspnet-project-2", "webNET-Hits-backend-aspnet-project-2\webNET-Hits-backend-aspnet-project-2.csproj", "{DB1A0A70-4790-4D4A-8FA5-1C0493C2D4F8}"
EndProject
Global
	GlobalSection(SolutionConfigurationPlatforms) = preSolution
		Debug|Any CPU = Debug|Any CPU
		Release|Any CPU = Release|Any CPU
	EndGlobalSection
	GlobalSection(ProjectConfigurationPlatforms) = postSolution
		{DB1A0A70-4790-4D4A-8FA5-1C0493C2D4F8}.Debug|Any CPU.ActiveCfg = Debug|Any CPU
		{DB1A0A70-4790-4D4A-8FA5-1C0493C2D4F8}.Debug|Any CPU.Build.0 = Debug|Any CPU
		{DB1A0A70-4790-4D4A-8FA5-1C0493C2D4F8}.Release|Any CPU.ActiveCfg = Release|Any CPU
		{DB1A0A70-4790-4D4A-8FA5-1C0493C2D4F8}.Release|Any CPU.Build.0 = Release|Any CPU
	EndGlobalSection
	GlobalSection(SolutionProperties) = preSolution
		HideSolutionNode = FALSE
	EndGlobalSection
	GlobalSection(ExtensibilityGlobals) = postSolution
		SolutionGuid = {F214DECC-3A46-46A4-8151-6CA7DCF6A6C1}
	EndGlobalSection
EndGlobal
